
Microsoft Visual Studio Solution File, Format Version 12.00
#
Project("{2150E333-8FDC-42A3-9474-1A3956D46DE8}") = "Provider", "Provider", "{B31EA71F-AB0D-4FB0-9D53-93E3792D8B59}"
EndProject
Project("{2150E333-8FDC-42A3-9474-1A3956D46DE8}") = "src", "src", "{5DD6FE21-D3B8-4749-8600-518C3DF91CF2}"
EndProject
Project("{FAE04EC0-301F-11D3-BF4B-00C04F79EFBC}") = "ProviderDemo", "Provider\src\ProviderDemo\ProviderDemo.csproj", "{1C0E019D-1C4B-457B-A749-3B1D3EFEC11A}"
EndProject
Project("{2150E333-8FDC-42A3-9474-1A3956D46DE8}") = "tests", "tests", "{AB5F7972-E007-400B-BFD3-FA9A14B5452B}"
EndProject
Project("{FAE04EC0-301F-11D3-BF4B-00C04F79EFBC}") = "ProviderDemoTests", "Provider\tests\ProviderDemoTests\ProviderDemoTests.csproj", "{5DD27581-12F9-4438-AF78-E798A50B81FC}"
EndProject
Project("{2150E333-8FDC-42A3-9474-1A3956D46DE8}") = "Consumer", "Consumer", "{C1842883-9773-4140-8912-E32B073B9C81}"
EndProject
Project("{2150E333-8FDC-42A3-9474-1A3956D46DE8}") = "src", "src", "{82B721F9-FF82-46AE-AF3A-115ADAE38DA9}"
EndProject
Project("{2150E333-8FDC-42A3-9474-1A3956D46DE8}") = "tests", "tests", "{BB0704BE-042E-4535-981D-47C5404B0602}"
EndProject
Project("{FAE04EC0-301F-11D3-BF4B-00C04F79EFBC}") = "ConsumerDemoTests", "Consumer\tests\ConsumerDemoTests\ConsumerDemoTests.csproj", "{1A950244-8DD9-47E7-91F9-B79CEF8E8443}"
EndProject
Project("{FAE04EC0-301F-11D3-BF4B-00C04F79EFBC}") = "ConsumerConsoleDemo", "Consumer\src\ConsumerConsoleDemo\ConsumerConsoleDemo.csproj", "{6CFC31AC-9DD0-4A4C-A6C5-F387B0F5D5CD}"
EndProject
Global
	GlobalSection(SolutionConfigurationPlatforms) = preSolution
		Debug|Any CPU = Debug|Any CPU
		Release|Any CPU = Release|Any CPU
	EndGlobalSection
	GlobalSection(ProjectConfigurationPlatforms) = postSolution
		{1C0E019D-1C4B-457B-A749-3B1D3EFEC11A}.Debug|Any CPU.ActiveCfg = Debug|Any CPU
		{1C0E019D-1C4B-457B-A749-3B1D3EFEC11A}.Debug|Any CPU.Build.0 = Debug|Any CPU
		{1C0E019D-1C4B-457B-A749-3B1D3EFEC11A}.Release|Any CPU.ActiveCfg = Release|Any CPU
		{1C0E019D-1C4B-457B-A749-3B1D3EFEC11A}.Release|Any CPU.Build.0 = Release|Any CPU
		{5DD27581-12F9-4438-AF78-E798A50B81FC}.Debug|Any CPU.ActiveCfg = Debug|Any CPU
		{5DD27581-12F9-4438-AF78-E798A50B81FC}.Debug|Any CPU.Build.0 = Debug|Any CPU
		{5DD27581-12F9-4438-AF78-E798A50B81FC}.Release|Any CPU.ActiveCfg = Release|Any CPU
		{5DD27581-12F9-4438-AF78-E798A50B81FC}.Release|Any CPU.Build.0 = Release|Any CPU
		{1A950244-8DD9-47E7-91F9-B79CEF8E8443}.Debug|Any CPU.ActiveCfg = Debug|Any CPU
		{1A950244-8DD9-47E7-91F9-B79CEF8E8443}.Debug|Any CPU.Build.0 = Debug|Any CPU
		{1A950244-8DD9-47E7-91F9-B79CEF8E8443}.Release|Any CPU.ActiveCfg = Release|Any CPU
		{1A950244-8DD9-47E7-91F9-B79CEF8E8443}.Release|Any CPU.Build.0 = Release|Any CPU
		{6CFC31AC-9DD0-4A4C-A6C5-F387B0F5D5CD}.Debug|Any CPU.ActiveCfg = Debug|Any CPU
		{6CFC31AC-9DD0-4A4C-A6C5-F387B0F5D5CD}.Debug|Any CPU.Build.0 = Debug|Any CPU
		{6CFC31AC-9DD0-4A4C-A6C5-F387B0F5D5CD}.Release|Any CPU.ActiveCfg = Release|Any CPU
		{6CFC31AC-9DD0-4A4C-A6C5-F387B0F5D5CD}.Release|Any CPU.Build.0 = Release|Any CPU
	EndGlobalSection
	GlobalSection(NestedProjects) = preSolution
		{5DD6FE21-D3B8-4749-8600-518C3DF91CF2} = {B31EA71F-AB0D-4FB0-9D53-93E3792D8B59}
		{1C0E019D-1C4B-457B-A749-3B1D3EFEC11A} = {5DD6FE21-D3B8-4749-8600-518C3DF91CF2}
		{AB5F7972-E007-400B-BFD3-FA9A14B5452B} = {B31EA71F-AB0D-4FB0-9D53-93E3792D8B59}
		{5DD27581-12F9-4438-AF78-E798A50B81FC} = {AB5F7972-E007-400B-BFD3-FA9A14B5452B}
		{82B721F9-FF82-46AE-AF3A-115ADAE38DA9} = {C1842883-9773-4140-8912-E32B073B9C81}
		{BB0704BE-042E-4535-981D-47C5404B0602} = {C1842883-9773-4140-8912-E32B073B9C81}
		{1A950244-8DD9-47E7-91F9-B79CEF8E8443} = {BB0704BE-042E-4535-981D-47C5404B0602}
		{6CFC31AC-9DD0-4A4C-A6C5-F387B0F5D5CD} = {82B721F9-FF82-46AE-AF3A-115ADAE38DA9}
	EndGlobalSection
EndGlobal
